// !$*UTF8*$!
{
	archiveVersion = 1;
	classes = {
	};
	objectVersion = 56;
	objects = {

/* Begin PBXBuildFile section */
		CAAD66712AFED91000267591 /* IAmRichSwiftUIApp.swift in Sources */ = {isa = PBXBuildFile; fileRef = CAAD66702AFED91000267591 /* IAmRichSwiftUIApp.swift */; };
		CAAD66732AFED91000267591 /* ContentView.swift in Sources */ = {isa = PBXBuildFile; fileRef = CAAD66722AFED91000267591 /* ContentView.swift */; };
		CAAD66752AFED91200267591 /* Assets.xcassets in Resources */ = {isa = PBXBuildFile; fileRef = CAAD66742AFED91200267591 /* Assets.xcassets */; };
		CAAD66782AFED91200267591 /* Preview Assets.xcassets in Resources */ = {isa = PBXBuildFile; fileRef = CAAD66772AFED91200267591 /* Preview Assets.xcassets */; };
		CAAD66822AFED91200267591 /* IAmRichSwiftUITests.swift in Sources */ = {isa = PBXBuildFile; fileRef = CAAD66812AFED91200267591 /* IAmRichSwiftUITests.swift */; };
		CAAD668C2AFED91200267591 /* IAmRichSwiftUIUITests.swift in Sources */ = {isa = PBXBuildFile; fileRef = CAAD668B2AFED91200267591 /* IAmRichSwiftUIUITests.swift */; };
		CAAD668E2AFED91200267591 /* IAmRichSwiftUIUITestsLaunchTests.swift in Sources */ = {isa = PBXBuildFile; fileRef = CAAD668D2AFED91200267591 /* IAmRichSwiftUIUITestsLaunchTests.swift */; };
/* End PBXBuildFile section */

/* Begin PBXContainerItemProxy section */
		CAAD667E2AFED91200267591 /* PBXContainerItemProxy */ = {
			isa = PBXContainerItemProxy;
			containerPortal = CAAD66652AFED91000267591 /* Project object */;
			proxyType = 1;
			remoteGlobalIDString = CAAD666C2AFED91000267591;
			remoteInfo = IAmRichSwiftUI;
		};
		CAAD66882AFED91200267591 /* PBXContainerItemProxy */ = {
			isa = PBXContainerItemProxy;
			containerPortal = CAAD66652AFED91000267591 /* Project object */;
			proxyType = 1;
			remoteGlobalIDString = CAAD666C2AFED91000267591;
			remoteInfo = IAmRichSwiftUI;
		};
/* End PBXContainerItemProxy section */

/* Begin PBXFileReference section */
		CAAD666D2AFED91000267591 /* IAmRichSwiftUI.app */ = {isa = PBXFileReference; explicitFileType = wrapper.application; includeInIndex = 0; path = IAmRichSwiftUI.app; sourceTree = BUILT_PRODUCTS_DIR; };
		CAAD66702AFED91000267591 /* IAmRichSwiftUIApp.swift */ = {isa = PBXFileReference; lastKnownFileType = sourcecode.swift; path = IAmRichSwiftUIApp.swift; sourceTree = "<group>"; };
		CAAD66722AFED91000267591 /* ContentView.swift */ = {isa = PBXFileReference; lastKnownFileType = sourcecode.swift; path = ContentView.swift; sourceTree = "<group>"; };
		CAAD66742AFED91200267591 /* Assets.xcassets */ = {isa = PBXFileReference; lastKnownFileType = folder.assetcatalog; path = Assets.xcassets; sourceTree = "<group>"; };
		CAAD66772AFED91200267591 /* Preview Assets.xcassets */ = {isa = PBXFileReference; lastKnownFileType = folder.assetcatalog; path = "Preview Assets.xcassets"; sourceTree = "<group>"; };
		CAAD667D2AFED91200267591 /* IAmRichSwiftUITests.xctest */ = {isa = PBXFileReference; explicitFileType = wrapper.cfbundle; includeInIndex = 0; path = IAmRichSwiftUITests.xctest; sourceTree = BUILT_PRODUCTS_DIR; };
		CAAD66812AFED91200267591 /* IAmRichSwiftUITests.swift */ = {isa = PBXFileReference; lastKnownFileType = sourcecode.swift; path = IAmRichSwiftUITests.swift; sourceTree = "<group>"; };
		CAAD66872AFED91200267591 /* IAmRichSwiftUIUITests.xctest */ = {isa = PBXFileReference; explicitFileType = wrapper.cfbundle; includeInIndex = 0; path = IAmRichSwiftUIUITests.xctest; sourceTree = BUILT_PRODUCTS_DIR; };
		CAAD668B2AFED91200267591 /* IAmRichSwiftUIUITests.swift */ = {isa = PBXFileReference; lastKnownFileType = sourcecode.swift; path = IAmRichSwiftUIUITests.swift; sourceTree = "<group>"; };
		CAAD668D2AFED91200267591 /* IAmRichSwiftUIUITestsLaunchTests.swift */ = {isa = PBXFileReference; lastKnownFileType = sourcecode.swift; path = IAmRichSwiftUIUITestsLaunchTests.swift; sourceTree = "<group>"; };
/* End PBXFileReference section */

/* Begin PBXFrameworksBuildPhase section */
		CAAD666A2AFED91000267591 /* Frameworks */ = {
			isa = PBXFrameworksBuildPhase;
			buildActionMask = 2147483647;
			files = (
			);
			runOnlyForDeploymentPostprocessing = 0;
		};
		CAAD667A2AFED91200267591 /* Frameworks */ = {
			isa = PBXFrameworksBuildPhase;
			buildActionMask = 2147483647;
			files = (
			);
			runOnlyForDeploymentPostprocessing = 0;
		};
		CAAD66842AFED91200267591 /* Frameworks */ = {
			isa = PBXFrameworksBuildPhase;
			buildActionMask = 2147483647;
			files = (
			);
			runOnlyForDeploymentPostprocessing = 0;
		};
/* End PBXFrameworksBuildPhase section */

/* Begin PBXGroup section */
		CAAD66642AFED91000267591 = {
			isa = PBXGroup;
			children = (
				CAAD666F2AFED91000267591 /* IAmRichSwiftUI */,
				CAAD66802AFED91200267591 /* IAmRichSwiftUITests */,
				CAAD668A2AFED91200267591 /* IAmRichSwiftUIUITests */,
				CAAD666E2AFED91000267591 /* Products */,
			);
			sourceTree = "<group>";
		};
		CAAD666E2AFED91000267591 /* Products */ = {
			isa = PBXGroup;
			children = (
				CAAD666D2AFED91000267591 /* IAmRichSwiftUI.app */,
				CAAD667D2AFED91200267591 /* IAmRichSwiftUITests.xctest */,
				CAAD66872AFED91200267591 /* IAmRichSwiftUIUITests.xctest */,
			);
			name = Products;
			sourceTree = "<group>";
		};
		CAAD666F2AFED91000267591 /* IAmRichSwiftUI */ = {
			isa = PBXGroup;
			children = (
				CAAD66702AFED91000267591 /* IAmRichSwiftUIApp.swift */,
				CAAD66722AFED91000267591 /* ContentView.swift */,
				CAAD66742AFED91200267591 /* Assets.xcassets */,
				CAAD66762AFED91200267591 /* Preview Content */,
			);
			path = IAmRichSwiftUI;
			sourceTree = "<group>";
		};
		CAAD66762AFED91200267591 /* Preview Content */ = {
			isa = PBXGroup;
			children = (
				CAAD66772AFED91200267591 /* Preview Assets.xcassets */,
			);
			path = "Preview Content";
			sourceTree = "<group>";
		};
		CAAD66802AFED91200267591 /* IAmRichSwiftUITests */ = {
			isa = PBXGroup;
			children = (
				CAAD66812AFED91200267591 /* IAmRichSwiftUITests.swift */,
			);
			path = IAmRichSwiftUITests;
			sourceTree = "<group>";
		};
		CAAD668A2AFED91200267591 /* IAmRichSwiftUIUITests */ = {
			isa = PBXGroup;
			children = (
				CAAD668B2AFED91200267591 /* IAmRichSwiftUIUITests.swift */,
				CAAD668D2AFED91200267591 /* IAmRichSwiftUIUITestsLaunchTests.swift */,
			);
			path = IAmRichSwiftUIUITests;
			sourceTree = "<group>";
		};
/* End PBXGroup section */

/* Begin PBXNativeTarget section */
		CAAD666C2AFED91000267591 /* IAmRichSwiftUI */ = {
			isa = PBXNativeTarget;
			buildConfigurationList = CAAD66912AFED91200267591 /* Build configuration list for PBXNativeTarget "IAmRichSwiftUI" */;
			buildPhases = (
				CAAD66692AFED91000267591 /* Sources */,
				CAAD666A2AFED91000267591 /* Frameworks */,
				CAAD666B2AFED91000267591 /* Resources */,
			);
			buildRules = (
			);
			dependencies = (
			);
			name = IAmRichSwiftUI;
			productName = IAmRichSwiftUI;
			productReference = CAAD666D2AFED91000267591 /* IAmRichSwiftUI.app */;
			productType = "com.apple.product-type.application";
		};
		CAAD667C2AFED91200267591 /* IAmRichSwiftUITests */ = {
			isa = PBXNativeTarget;
			buildConfigurationList = CAAD66942AFED91200267591 /* Build configuration list for PBXNativeTarget "IAmRichSwiftUITests" */;
			buildPhases = (
				CAAD66792AFED91200267591 /* Sources */,
				CAAD667A2AFED91200267591 /* Frameworks */,
				CAAD667B2AFED91200267591 /* Resources */,
			);
			buildRules = (
			);
			dependencies = (
				CAAD667F2AFED91200267591 /* PBXTargetDependency */,
			);
			name = IAmRichSwiftUITests;
			productName = IAmRichSwiftUITests;
			productReference = CAAD667D2AFED91200267591 /* IAmRichSwiftUITests.xctest */;
			productType = "com.apple.product-type.bundle.unit-test";
		};
		CAAD66862AFED91200267591 /* IAmRichSwiftUIUITests */ = {
			isa = PBXNativeTarget;
			buildConfigurationList = CAAD66972AFED91200267591 /* Build configuration list for PBXNativeTarget "IAmRichSwiftUIUITests" */;
			buildPhases = (
				CAAD66832AFED91200267591 /* Sources */,
				CAAD66842AFED91200267591 /* Frameworks */,
				CAAD66852AFED91200267591 /* Resources */,
			);
			buildRules = (
			);
			dependencies = (
				CAAD66892AFED91200267591 /* PBXTargetDependency */,
			);
			name = IAmRichSwiftUIUITests;
			productName = IAmRichSwiftUIUITests;
			productReference = CAAD66872AFED91200267591 /* IAmRichSwiftUIUITests.xctest */;
			productType = "com.apple.product-type.bundle.ui-testing";
		};
/* End PBXNativeTarget section */

/* Begin PBXProject section */
		CAAD66652AFED91000267591 /* Project object */ = {
			isa = PBXProject;
			attributes = {
				BuildIndependentTargetsInParallel = 1;
				LastSwiftUpdateCheck = 1500;
				LastUpgradeCheck = 1500;
				TargetAttributes = {
					CAAD666C2AFED91000267591 = {
						CreatedOnToolsVersion = 15.0.1;
					};
					CAAD667C2AFED91200267591 = {
						CreatedOnToolsVersion = 15.0.1;
						TestTargetID = CAAD666C2AFED91000267591;
					};
					CAAD66862AFED91200267591 = {
						CreatedOnToolsVersion = 15.0.1;
						TestTargetID = CAAD666C2AFED91000267591;
					};
				};
			};
			buildConfigurationList = CAAD66682AFED91000267591 /* Build configuration list for PBXProject "IAmRichSwiftUI" */;
			compatibilityVersion = "Xcode 14.0";
			developmentRegion = en;
			hasScannedForEncodings = 0;
			knownRegions = (
				en,
				Base,
			);
			mainGroup = CAAD66642AFED91000267591;
			productRefGroup = CAAD666E2AFED91000267591 /* Products */;
			projectDirPath = "";
			projectRoot = "";
			targets = (
				CAAD666C2AFED91000267591 /* IAmRichSwiftUI */,
				CAAD667C2AFED91200267591 /* IAmRichSwiftUITests */,
				CAAD66862AFED91200267591 /* IAmRichSwiftUIUITests */,
			);
		};
/* End PBXProject section */

/* Begin PBXResourcesBuildPhase section */
		CAAD666B2AFED91000267591 /* Resources */ = {
			isa = PBXResourcesBuildPhase;
			buildActionMask = 2147483647;
			files = (
				CAAD66782AFED91200267591 /* Preview Assets.xcassets in Resources */,
				CAAD66752AFED91200267591 /* Assets.xcassets in Resources */,
			);
			runOnlyForDeploymentPostprocessing = 0;
		};
		CAAD667B2AFED91200267591 /* Resources */ = {
			isa = PBXResourcesBuildPhase;
			buildActionMask = 2147483647;
			files = (
			);
			runOnlyForDeploymentPostprocessing = 0;
		};
		CAAD66852AFED91200267591 /* Resources */ = {
			isa = PBXResourcesBuildPhase;
			buildActionMask = 2147483647;
			files = (
			);
			runOnlyForDeploymentPostprocessing = 0;
		};
/* End PBXResourcesBuildPhase section */

/* Begin PBXSourcesBuildPhase section */
		CAAD66692AFED91000267591 /* Sources */ = {
			isa = PBXSourcesBuildPhase;
			buildActionMask = 2147483647;
			files = (
				CAAD66732AFED91000267591 /* ContentView.swift in Sources */,
				CAAD66712AFED91000267591 /* IAmRichSwiftUIApp.swift in Sources */,
			);
			runOnlyForDeploymentPostprocessing = 0;
		};
		CAAD66792AFED91200267591 /* Sources */ = {
			isa = PBXSourcesBuildPhase;
			buildActionMask = 2147483647;
			files = (
				CAAD66822AFED91200267591 /* IAmRichSwiftUITests.swift in Sources */,
			);
			runOnlyForDeploymentPostprocessing = 0;
		};
		CAAD66832AFED91200267591 /* Sources */ = {
			isa = PBXSourcesBuildPhase;
			buildActionMask = 2147483647;
			files = (
				CAAD668E2AFED91200267591 /* IAmRichSwiftUIUITestsLaunchTests.swift in Sources */,
				CAAD668C2AFED91200267591 /* IAmRichSwiftUIUITests.swift in Sources */,
			);
			runOnlyForDeploymentPostprocessing = 0;
		};
/* End PBXSourcesBuildPhase section */

/* Begin PBXTargetDependency section */
		CAAD667F2AFED91200267591 /* PBXTargetDependency */ = {
			isa = PBXTargetDependency;
			target = CAAD666C2AFED91000267591 /* IAmRichSwiftUI */;
			targetProxy = CAAD667E2AFED91200267591 /* PBXContainerItemProxy */;
		};
		CAAD66892AFED91200267591 /* PBXTargetDependency */ = {
			isa = PBXTargetDependency;
			target = CAAD666C2AFED91000267591 /* IAmRichSwiftUI */;
			targetProxy = CAAD66882AFED91200267591 /* PBXContainerItemProxy */;
		};
/* End PBXTargetDependency section */

/* Begin XCBuildConfiguration section */
		CAAD668F2AFED91200267591 /* Debug */ = {
			isa = XCBuildConfiguration;
			buildSettings = {
				ALWAYS_SEARCH_USER_PATHS = NO;
				ASSETCATALOG_COMPILER_GENERATE_SWIFT_ASSET_SYMBOL_EXTENSIONS = YES;
				CLANG_ANALYZER_NONNULL = YES;
				CLANG_ANALYZER_NUMBER_OBJECT_CONVERSION = YES_AGGRESSIVE;
				CLANG_CXX_LANGUAGE_STANDARD = "gnu++20";
				CLANG_ENABLE_MODULES = YES;
				CLANG_ENABLE_OBJC_ARC = YES;
				CLANG_ENABLE_OBJC_WEAK = YES;
				CLANG_WARN_BLOCK_CAPTURE_AUTORELEASING = YES;
				CLANG_WARN_BOOL_CONVERSION = YES;
				CLANG_WARN_COMMA = YES;
				CLANG_WARN_CONSTANT_CONVERSION = YES;
				CLANG_WARN_DEPRECATED_OBJC_IMPLEMENTATIONS = YES;
				CLANG_WARN_DIRECT_OBJC_ISA_USAGE = YES_ERROR;
				CLANG_WARN_DOCUMENTATION_COMMENTS = YES;
				CLANG_WARN_EMPTY_BODY = YES;
				CLANG_WARN_ENUM_CONVERSION = YES;
				CLANG_WARN_INFINITE_RECURSION = YES;
				CLANG_WARN_INT_CONVERSION = YES;
				CLANG_WARN_NON_LITERAL_NULL_CONVERSION = YES;
				CLANG_WARN_OBJC_IMPLICIT_RETAIN_SELF = YES;
				CLANG_WARN_OBJC_LITERAL_CONVERSION = YES;
				CLANG_WARN_OBJC_ROOT_CLASS = YES_ERROR;
				CLANG_WARN_QUOTED_INCLUDE_IN_FRAMEWORK_HEADER = YES;
				CLANG_WARN_RANGE_LOOP_ANALYSIS = YES;
				CLANG_WARN_STRICT_PROTOTYPES = YES;
				CLANG_WARN_SUSPICIOUS_MOVE = YES;
				CLANG_WARN_UNGUARDED_AVAILABILITY = YES_AGGRESSIVE;
				CLANG_WARN_UNREACHABLE_CODE = YES;
				CLANG_WARN__DUPLICATE_METHOD_MATCH = YES;
				COPY_PHASE_STRIP = NO;
				DEBUG_INFORMATION_FORMAT = dwarf;
				ENABLE_STRICT_OBJC_MSGSEND = YES;
				ENABLE_TESTABILITY = YES;
				ENABLE_USER_SCRIPT_SANDBOXING = YES;
				GCC_C_LANGUAGE_STANDARD = gnu17;
				GCC_DYNAMIC_NO_PIC = NO;
				GCC_NO_COMMON_BLOCKS = YES;
				GCC_OPTIMIZATION_LEVEL = 0;
				GCC_PREPROCESSOR_DEFINITIONS = (
					"DEBUG=1",
					"$(inherited)",
				);
				GCC_WARN_64_TO_32_BIT_CONVERSION = YES;
				GCC_WARN_ABOUT_RETURN_TYPE = YES_ERROR;
				GCC_WARN_UNDECLARED_SELECTOR = YES;
				GCC_WARN_UNINITIALIZED_AUTOS = YES_AGGRESSIVE;
				GCC_WARN_UNUSED_FUNCTION = YES;
				GCC_WARN_UNUSED_VARIABLE = YES;
				IPHONEOS_DEPLOYMENT_TARGET = 17.0;
				LOCALIZATION_PREFERS_STRING_CATALOGS = YES;
				MTL_ENABLE_DEBUG_INFO = INCLUDE_SOURCE;
				MTL_FAST_MATH = YES;
				ONLY_ACTIVE_ARCH = YES;
				SDKROOT = iphoneos;
				SWIFT_ACTIVE_COMPILATION_CONDITIONS = "DEBUG $(inherited)";
				SWIFT_OPTIMIZATION_LEVEL = "-Onone";
			};
			name = Debug;
		};
		CAAD66902AFED91200267591 /* Release */ = {
			isa = XCBuildConfiguration;
			buildSettings = {
				ALWAYS_SEARCH_USER_PATHS = NO;
				ASSETCATALOG_COMPILER_GENERATE_SWIFT_ASSET_SYMBOL_EXTENSIONS = YES;
				CLANG_ANALYZER_NONNULL = YES;
				CLANG_ANALYZER_NUMBER_OBJECT_CONVERSION = YES_AGGRESSIVE;
				CLANG_CXX_LANGUAGE_STANDARD = "gnu++20";
				CLANG_ENABLE_MODULES = YES;
				CLANG_ENABLE_OBJC_ARC = YES;
				CLANG_ENABLE_OBJC_WEAK = YES;
				CLANG_WARN_BLOCK_CAPTURE_AUTORELEASING = YES;
				CLANG_WARN_BOOL_CONVERSION = YES;
				CLANG_WARN_COMMA = YES;
				CLANG_WARN_CONSTANT_CONVERSION = YES;
				CLANG_WARN_DEPRECATED_OBJC_IMPLEMENTATIONS = YES;
				CLANG_WARN_DIRECT_OBJC_ISA_USAGE = YES_ERROR;
				CLANG_WARN_DOCUMENTATION_COMMENTS = YES;
				CLANG_WARN_EMPTY_BODY = YES;
				CLANG_WARN_ENUM_CONVERSION = YES;
				CLANG_WARN_INFINITE_RECURSION = YES;
				CLANG_WARN_INT_CONVERSION = YES;
				CLANG_WARN_NON_LITERAL_NULL_CONVERSION = YES;
				CLANG_WARN_OBJC_IMPLICIT_RETAIN_SELF = YES;
				CLANG_WARN_OBJC_LITERAL_CONVERSION = YES;
				CLANG_WARN_OBJC_ROOT_CLASS = YES_ERROR;
				CLANG_WARN_QUOTED_INCLUDE_IN_FRAMEWORK_HEADER = YES;
				CLANG_WARN_RANGE_LOOP_ANALYSIS = YES;
				CLANG_WARN_STRICT_PROTOTYPES = YES;
				CLANG_WARN_SUSPICIOUS_MOVE = YES;
				CLANG_WARN_UNGUARDED_AVAILABILITY = YES_AGGRESSIVE;
				CLANG_WARN_UNREACHABLE_CODE = YES;
				CLANG_WARN__DUPLICATE_METHOD_MATCH = YES;
				COPY_PHASE_STRIP = NO;
				DEBUG_INFORMATION_FORMAT = "dwarf-with-dsym";
				ENABLE_NS_ASSERTIONS = NO;
				ENABLE_STRICT_OBJC_MSGSEND = YES;
				ENABLE_USER_SCRIPT_SANDBOXING = YES;
				GCC_C_LANGUAGE_STANDARD = gnu17;
				GCC_NO_COMMON_BLOCKS = YES;
				GCC_WARN_64_TO_32_BIT_CONVERSION = YES;
				GCC_WARN_ABOUT_RETURN_TYPE = YES_ERROR;
				GCC_WARN_UNDECLARED_SELECTOR = YES;
				GCC_WARN_UNINITIALIZED_AUTOS = YES_AGGRESSIVE;
				GCC_WARN_UNUSED_FUNCTION = YES;
				GCC_WARN_UNUSED_VARIABLE = YES;
				IPHONEOS_DEPLOYMENT_TARGET = 17.0;
				LOCALIZATION_PREFERS_STRING_CATALOGS = YES;
				MTL_ENABLE_DEBUG_INFO = NO;
				MTL_FAST_MATH = YES;
				SDKROOT = iphoneos;
				SWIFT_COMPILATION_MODE = wholemodule;
				VALIDATE_PRODUCT = YES;
			};
			name = Release;
		};
		CAAD66922AFED91200267591 /* Debug */ = {
			isa = XCBuildConfiguration;
			buildSettings = {
				ASSETCATALOG_COMPILER_APPICON_NAME = AppIcon;
				ASSETCATALOG_COMPILER_GLOBAL_ACCENT_COLOR_NAME = AccentColor;
				CODE_SIGN_STYLE = Automatic;
				CURRENT_PROJECT_VERSION = 1;
				DEVELOPMENT_ASSET_PATHS = "\"IAmRichSwiftUI/Preview Content\"";
				ENABLE_PREVIEWS = YES;
				GENERATE_INFOPLIST_FILE = YES;
				INFOPLIST_KEY_UIApplicationSceneManifest_Generation = YES;
				INFOPLIST_KEY_UIApplicationSupportsIndirectInputEvents = YES;
				INFOPLIST_KEY_UILaunchScreen_Generation = YES;
				INFOPLIST_KEY_UISupportedInterfaceOrientations_iPad = "UIInterfaceOrientationPortrait UIInterfaceOrientationPortraitUpsideDown UIInterfaceOrientationLandscapeLeft UIInterfaceOrientationLandscapeRight";
				INFOPLIST_KEY_UISupportedInterfaceOrientations_iPhone = "UIInterfaceOrientationPortrait UIInterfaceOrientationLandscapeLeft UIInterfaceOrientationLandscapeRight";
				LD_RUNPATH_SEARCH_PATHS = (
					"$(inherited)",
					"@executable_path/Frameworks",
				);
				MARKETING_VERSION = 1.0;
				PRODUCT_BUNDLE_IDENTIFIER = com.learn.IAmRichSwiftUI;
				PRODUCT_NAME = "$(TARGET_NAME)";
				SWIFT_EMIT_LOC_STRINGS = YES;
				SWIFT_VERSION = 5.0;
				TARGETED_DEVICE_FAMILY = "1,2";
			};
			name = Debug;
		};
		CAAD66932AFED91200267591 /* Release */ = {
			isa = XCBuildConfiguration;
			buildSettings = {
				ASSETCATALOG_COMPILER_APPICON_NAME = AppIcon;
				ASSETCATALOG_COMPILER_GLOBAL_ACCENT_COLOR_NAME = AccentColor;
				CODE_SIGN_STYLE = Automatic;
				CURRENT_PROJECT_VERSION = 1;
				DEVELOPMENT_ASSET_PATHS = "\"IAmRichSwiftUI/Preview Content\"";
				ENABLE_PREVIEWS = YES;
				GENERATE_INFOPLIST_FILE = YES;
				INFOPLIST_KEY_UIApplicationSceneManifest_Generation = YES;
				INFOPLIST_KEY_UIApplicationSupportsIndirectInputEvents = YES;
				INFOPLIST_KEY_UILaunchScreen_Generation = YES;
				INFOPLIST_KEY_UISupportedInterfaceOrientations_iPad = "UIInterfaceOrientationPortrait UIInterfaceOrientationPortraitUpsideDown UIInterfaceOrientationLandscapeLeft UIInterfaceOrientationLandscapeRight";
				INFOPLIST_KEY_UISupportedInterfaceOrientations_iPhone = "UIInterfaceOrientationPortrait UIInterfaceOrientationLandscapeLeft UIInterfaceOrientationLandscapeRight";
				LD_RUNPATH_SEARCH_PATHS = (
					"$(inherited)",
					"@executable_path/Frameworks",
				);
				MARKETING_VERSION = 1.0;
				PRODUCT_BUNDLE_IDENTIFIER = com.learn.IAmRichSwiftUI;
				PRODUCT_NAME = "$(TARGET_NAME)";
				SWIFT_EMIT_LOC_STRINGS = YES;
				SWIFT_VERSION = 5.0;
				TARGETED_DEVICE_FAMILY = "1,2";
			};
			name = Release;
		};
		CAAD66952AFED91200267591 /* Debug */ = {
			isa = XCBuildConfiguration;
			buildSettings = {
				ALWAYS_EMBED_SWIFT_STANDARD_LIBRARIES = YES;
				BUNDLE_LOADER = "$(TEST_HOST)";
				CODE_SIGN_STYLE = Automatic;
				CURRENT_PROJECT_VERSION = 1;
				GENERATE_INFOPLIST_FILE = YES;
				IPHONEOS_DEPLOYMENT_TARGET = 17.0;
				MARKETING_VERSION = 1.0;
				PRODUCT_BUNDLE_IDENTIFIER = com.learn.IAmRichSwiftUITests;
				PRODUCT_NAME = "$(TARGET_NAME)";
				SWIFT_EMIT_LOC_STRINGS = NO;
				SWIFT_VERSION = 5.0;
				TARGETED_DEVICE_FAMILY = "1,2";
				TEST_HOST = "$(BUILT_PRODUCTS_DIR)/IAmRichSwiftUI.app/$(BUNDLE_EXECUTABLE_FOLDER_PATH)/IAmRichSwiftUI";
			};
			name = Debug;
		};
		CAAD66962AFED91200267591 /* Release */ = {
			isa = XCBuildConfiguration;
			buildSettings = {
				ALWAYS_EMBED_SWIFT_STANDARD_LIBRARIES = YES;
				BUNDLE_LOADER = "$(TEST_HOST)";
				CODE_SIGN_STYLE = Automatic;
				CURRENT_PROJECT_VERSION = 1;
				GENERATE_INFOPLIST_FILE = YES;
				IPHONEOS_DEPLOYMENT_TARGET = 17.0;
				MARKETING_VERSION = 1.0;
				PRODUCT_BUNDLE_IDENTIFIER = com.learn.IAmRichSwiftUITests;
				PRODUCT_NAME = "$(TARGET_NAME)";
				SWIFT_EMIT_LOC_STRINGS = NO;
				SWIFT_VERSION = 5.0;
				TARGETED_DEVICE_FAMILY = "1,2";
				TEST_HOST = "$(BUILT_PRODUCTS_DIR)/IAmRichSwiftUI.app/$(BUNDLE_EXECUTABLE_FOLDER_PATH)/IAmRichSwiftUI";
			};
			name = Release;
		};
		CAAD66982AFED91200267591 /* Debug */ = {
			isa = XCBuildConfiguration;
			buildSettings = {
				ALWAYS_EMBED_SWIFT_STANDARD_LIBRARIES = YES;
				CODE_SIGN_STYLE = Automatic;
				CURRENT_PROJECT_VERSION = 1;
				GENERATE_INFOPLIST_FILE = YES;
				MARKETING_VERSION = 1.0;
				PRODUCT_BUNDLE_IDENTIFIER = com.learn.IAmRichSwiftUIUITests;
				PRODUCT_NAME = "$(TARGET_NAME)";
				SWIFT_EMIT_LOC_STRINGS = NO;
				SWIFT_VERSION = 5.0;
				TARGETED_DEVICE_FAMILY = "1,2";
				TEST_TARGET_NAME = IAmRichSwiftUI;
			};
			name = Debug;
		};
		CAAD66992AFED91200267591 /* Release */ = {
			isa = XCBuildConfiguration;
			buildSettings = {
				ALWAYS_EMBED_SWIFT_STANDARD_LIBRARIES = YES;
				CODE_SIGN_STYLE = Automatic;
				CURRENT_PROJECT_VERSION = 1;
				GENERATE_INFOPLIST_FILE = YES;
				MARKETING_VERSION = 1.0;
				PRODUCT_BUNDLE_IDENTIFIER = com.learn.IAmRichSwiftUIUITests;
				PRODUCT_NAME = "$(TARGET_NAME)";
				SWIFT_EMIT_LOC_STRINGS = NO;
				SWIFT_VERSION = 5.0;
				TARGETED_DEVICE_FAMILY = "1,2";
				TEST_TARGET_NAME = IAmRichSwiftUI;
			};
			name = Release;
		};
/* End XCBuildConfiguration section */

/* Begin XCConfigurationList section */
		CAAD66682AFED91000267591 /* Build configuration list for PBXProject "IAmRichSwiftUI" */ = {
			isa = XCConfigurationList;
			buildConfigurations = (
				CAAD668F2AFED91200267591 /* Debug */,
				CAAD66902AFED91200267591 /* Release */,
			);
			defaultConfigurationIsVisible = 0;
			defaultConfigurationName = Release;
		};
		CAAD66912AFED91200267591 /* Build configuration list for PBXNativeTarget "IAmRichSwiftUI" */ = {
			isa = XCConfigurationList;
			buildConfigurations = (
				CAAD66922AFED91200267591 /* Debug */,
				CAAD66932AFED91200267591 /* Release */,
			);
			defaultConfigurationIsVisible = 0;
			defaultConfigurationName = Release;
		};
		CAAD66942AFED91200267591 /* Build configuration list for PBXNativeTarget "IAmRichSwiftUITests" */ = {
			isa = XCConfigurationList;
			buildConfigurations = (
				CAAD66952AFED91200267591 /* Debug */,
				CAAD66962AFED91200267591 /* Release */,
			);
			defaultConfigurationIsVisible = 0;
			defaultConfigurationName = Release;
		};
		CAAD66972AFED91200267591 /* Build configuration list for PBXNativeTarget "IAmRichSwiftUIUITests" */ = {
			isa = XCConfigurationList;
			buildConfigurations = (
				CAAD66982AFED91200267591 /* Debug */,
				CAAD66992AFED91200267591 /* Release */,
			);
			defaultConfigurationIsVisible = 0;
			defaultConfigurationName = Release;
		};
/* End XCConfigurationList section */
	};
	rootObject = CAAD66652AFED91000267591 /* Project object */;
}
